
Microsoft Visual Studio Solution File, Format Version 12.00
# Visual Studio Version 16
VisualStudioVersion = 16.0.32002.261
MinimumVisualStudioVersion = 10.0.40219.1
Project("{FAE04EC0-301F-11D3-BF4B-00C04F79EFBC}") = "PSOBBLauncher", "PSOBBLauncher.csproj", "{9969A964-2326-4C03-90B4-109FF28DA284}"
EndProject
Global
	GlobalSection(SolutionConfigurationPlatforms) = preSolution
		Debug|Any CPU = Debug|Any CPU
		Release|Any CPU = Release|Any CPU
	EndGlobalSection
	GlobalSection(ProjectConfigurationPlatforms) = postSolution
		{9969A964-2326-4C03-90B4-109FF28DA284}.Debug|Any CPU.ActiveCfg = Debug|Any CPU
		{9969A964-2326-4C03-90B4-109FF28DA284}.Debug|Any CPU.Build.0 = Debug|Any CPU
		{9969A964-2326-4C03-90B4-109FF28DA284}.Release|Any CPU.ActiveCfg = Release|Any CPU
		{9969A964-2326-4C03-90B4-109FF28DA284}.Release|Any CPU.Build.0 = Release|Any CPU
	EndGlobalSection
	GlobalSection(SolutionProperties) = preSolution
		HideSolutionNode = FALSE
	EndGlobalSection
	GlobalSection(ExtensibilityGlobals) = postSolution
		SolutionGuid = {DCF94361-9E68-4F57-A704-2501F0BAA563}
	EndGlobalSection
EndGlobal
